<?xml version="1.0" encoding="utf-8"?>
<Project ToolsVersion="4.0" xmlns="http://schemas.microsoft.com/developer/msbuild/2003">
  <ItemGroup>
    <Filter Include="Source Files">
      <UniqueIdentifier>{4FC737F1-C7A5-4376-A066-2A32D752A2FF}</UniqueIdentifier>
      <Extensions>cpp;c;cc;cxx;def;odl;idl;hpj;bat;asm;asmx</Extensions>
    </Filter>
    <Filter Include="Header Files">
      <UniqueIdentifier>{93995380-89BD-4b04-88EB-625FBE52EBFB}</UniqueIdentifier>
      <Extensions>h;hh;hpp;hxx;hm;inl;inc;xsd</Extensions>
    </Filter>
    <Filter Include="Resource Files">
      <UniqueIdentifier>{67DA6AB6-F800-4c08-8B7A-83BB121AAD01}</UniqueIdentifier>
      <Extensions>rc;ico;cur;bmp;dlg;rc2;rct;bin;rgs;gif;jpg;jpeg;jpe;resx;tiff;tif;png;wav;mfcribbon-ms</Extensions>
    </Filter>
    <Filter Include="Header Files\TinyXml">
      <UniqueIdentifier>{dae11965-89f6-441b-9fe0-2c8f43f0367b}</UniqueIdentifier>
    </Filter>
    <Filter Include="Source Files\TinyXml">
      <UniqueIdentifier>{8a097053-7c8b-43cc-8fc8-d14f6361d4a0}</UniqueIdentifier>
    </Filter>
  </ItemGroup>
  <ItemGroup>
    <ClCompile Include="source\main.cpp">
      <Filter>Source Files</Filter>
    </ClCompile>
    <ClCompile Include="TinyXML\tinyxmlparser.cpp">
      <Filter>Source Files\TinyXml</Filter>
    </ClCompile>
    <ClCompile Include="TinyXML\tinyxmlerror.cpp">
      <Filter>Source Files\TinyXml</Filter>
    </ClCompile>
    <ClCompile Include="TinyXML\tinyxml.cpp">
      <Filter>Source Files\TinyXml</Filter>
    </ClCompile>
    <ClCompile Include="TinyXML\tinystr.cpp">
      <Filter>Source Files\TinyXml</Filter>
    </ClCompile>
  </ItemGroup>
  <ItemGroup>
    <ClInclude Include="source\coin.h">
      <Filter>Header Files</Filter>
    </ClInclude>
    <ClInclude Include="source\enemyUnder.h">
      <Filter>Header Files</Filter>
    </ClInclude>
    <ClInclude Include="source\enemyUp.h">
      <Filter>Header Files</Filter>
    </ClInclude>
    <ClInclude Include="source\entity.h">
      <Filter>Header Files</Filter>
    </ClInclude>
    <ClInclude Include="source\game.h">
      <Filter>Header Files</Filter>
    </ClInclude>
    <ClInclude Include="source\level.h">
      <Filter>Header Files</Filter>
    </ClInclude>
    <ClInclude Include="source\player.h">
      <Filter>Header Files</Filter>
    </ClInclude>
    <ClInclude Include="source\view.h">
      <Filter>Header Files</Filter>
    </ClInclude>
    <ClInclude Include="source\boss.h">
      <Filter>Header Files</Filter>
    </ClInclude>
    <ClInclude Include="TinyXML\tinystr.h">
      <Filter>Header Files\TinyXml</Filter>
    </ClInclude>
    <ClInclude Include="source\tinystr.h">
      <Filter>Header Files\TinyXml</Filter>
    </ClInclude>
    <ClInclude Include="TinyXML\tinyxml.h">
      <Filter>Header Files\TinyXml</Filter>
    </ClInclude>
    <ClInclude Include="source\tinyxml.h">
      <Filter>Header Files\TinyXml</Filter>
    </ClInclude>
    <ClInclude Include="source\Header.h">
      <Filter>Header Files</Filter>
    </ClInclude>
  </ItemGroup>
  <ItemGroup>
    <None Include="ClassDiagram.cd" />
  </ItemGroup>
</Project>